
Microsoft Visual Studio Solution File, Format Version 12.00
Project("{FAE04EC0-301F-11D3-BF4B-00C04F79EFBC}") = "Anime-Service.WebAPI", "Anime-Service.WebAPI.csproj", "{0225C839-5328-4430-8986-72B2CF5A5403}"
EndProject
Project("{FAE04EC0-301F-11D3-BF4B-00C04F79EFBC}") = "Anime-Service.Core", "..\Anime-Service.Core\Anime-Service.Core.csproj", "{B0EA0808-A1D9-4064-8C16-708679B83310}"
EndProject
Global
	GlobalSection(SolutionConfigurationPlatforms) = preSolution
		Debug|Any CPU = Debug|Any CPU
		Release|Any CPU = Release|Any CPU
	EndGlobalSection
	GlobalSection(ProjectConfigurationPlatforms) = postSolution
		{0225C839-5328-4430-8986-72B2CF5A5403}.Debug|Any CPU.ActiveCfg = Debug|Any CPU
		{0225C839-5328-4430-8986-72B2CF5A5403}.Debug|Any CPU.Build.0 = Debug|Any CPU
		{0225C839-5328-4430-8986-72B2CF5A5403}.Release|Any CPU.ActiveCfg = Release|Any CPU
		{0225C839-5328-4430-8986-72B2CF5A5403}.Release|Any CPU.Build.0 = Release|Any CPU
		{B0EA0808-A1D9-4064-8C16-708679B83310}.Debug|Any CPU.ActiveCfg = Debug|Any CPU
		{B0EA0808-A1D9-4064-8C16-708679B83310}.Debug|Any CPU.Build.0 = Debug|Any CPU
		{B0EA0808-A1D9-4064-8C16-708679B83310}.Release|Any CPU.ActiveCfg = Release|Any CPU
		{B0EA0808-A1D9-4064-8C16-708679B83310}.Release|Any CPU.Build.0 = Release|Any CPU
	EndGlobalSection
EndGlobal
